
Microsoft Visual Studio Solution File, Format Version 12.00
# Visual Studio 15
VisualStudioVersion = 15.0.37131.7
MinimumVisualStudioVersion = 10.0.40219.1
Project("{8BC9CEB8-8B4A-11D0-8D11-00A0C91BC942}") = "DriverLoader", "DriverLoader.vcxproj", "{D1ECCC8F-01EF-4752-8568-BA5AE68BC299}"
EndProject
Project("{8BC9CEB8-8B4A-11D0-8D11-00A0C91BC942}") = "DummyDriver", "DummyDriver\DummyDriver.vcxproj", "{BACC86EE-0180-43AF-B561-EB804D7D9867}"
EndProject
Project("{8BC9CEB8-8B4A-11D0-8D11-00A0C91BC942}") = "DummyTest", "DummyTest\DummyTest.vcxproj", "{A2B3C4D5-E6F7-4A8B-9C0D-1E2F3A4B5C6D}"
EndProject
Project("{8BC9CEB8-8B4A-11D0-8D11-00A0C91BC942}") = "KernelPower", "KernelPower\KernelPower.vcxproj", "{E1F2A3B4-C5D6-7890-ABCD-EF1234567890}"
EndProject
Project("{8BC9CEB8-8B4A-11D0-8D11-00A0C91BC942}") = "KernelPowerExample", "KernelPowerExample\KernelPowerExample.vcxproj", "{F2A3B4C5-D6E7-8901-ABCD-EF2345678902}"
EndProject
Project("{8BC9CEB8-8B4A-11D0-8D11-00A0C91BC942}") = "DummyTestIoctl", "DummyTestIoctl\DummyTestIoctl.vcxproj", "{D1E2F3A4-B5C6-4D7E-8F9A-0B1C2D3E4F5A}"
EndProject
Project("{8BC9CEB8-8B4A-11D0-8D11-00A0C91BC942}") = "DummyDriverIoctl", "DummyDriverIoctl\DummyDriverIoctl.vcxproj", "{C1D2E3F4-A5B6-4C7D-8E9F-0A1B2C3D4E5F}"
EndProject
Project("{2150E333-8FDC-42A3-9474-1A3956D46DE8}") = "ioctl", "ioctl", "{C76A9C77-57D4-44BE-AB0A-9C09C0358703}"
EndProject
Project("{2150E333-8FDC-42A3-9474-1A3956D46DE8}") = "minifilter", "minifilter", "{225BE3DA-F1C7-423B-A922-4C22B2F0C64B}"
EndProject
Project("{2150E333-8FDC-42A3-9474-1A3956D46DE8}") = "KernelPrimitive", "KernelPrimitive", "{1E369342-3890-4F16-807E-8875A4E4649E}"
EndProject
Global
	GlobalSection(SolutionConfigurationPlatforms) = preSolution
		Debug|ARM = Debug|ARM
		Debug|ARM64 = Debug|ARM64
		Debug|x64 = Debug|x64
		Debug|x86 = Debug|x86
		Release|ARM = Release|ARM
		Release|ARM64 = Release|ARM64
		Release|x64 = Release|x64
		Release|x86 = Release|x86
	EndGlobalSection
	GlobalSection(ProjectConfigurationPlatforms) = postSolution
		{D1ECCC8F-01EF-4752-8568-BA5AE68BC299}.Debug|ARM.ActiveCfg = Debug|Win32
		{D1ECCC8F-01EF-4752-8568-BA5AE68BC299}.Debug|ARM64.ActiveCfg = Debug|Win32
		{D1ECCC8F-01EF-4752-8568-BA5AE68BC299}.Debug|x64.ActiveCfg = Debug|x64
		{D1ECCC8F-01EF-4752-8568-BA5AE68BC299}.Debug|x64.Build.0 = Debug|x64
		{D1ECCC8F-01EF-4752-8568-BA5AE68BC299}.Debug|x86.ActiveCfg = Debug|Win32
		{D1ECCC8F-01EF-4752-8568-BA5AE68BC299}.Debug|x86.Build.0 = Debug|Win32
		{D1ECCC8F-01EF-4752-8568-BA5AE68BC299}.Release|ARM.ActiveCfg = Release|Win32
		{D1ECCC8F-01EF-4752-8568-BA5AE68BC299}.Release|ARM64.ActiveCfg = Release|Win32
		{D1ECCC8F-01EF-4752-8568-BA5AE68BC299}.Release|x64.ActiveCfg = Release|x64
		{D1ECCC8F-01EF-4752-8568-BA5AE68BC299}.Release|x64.Build.0 = Release|x64
		{D1ECCC8F-01EF-4752-8568-BA5AE68BC299}.Release|x86.ActiveCfg = Release|Win32
		{D1ECCC8F-01EF-4752-8568-BA5AE68BC299}.Release|x86.Build.0 = Release|Win32
		{BACC86EE-0180-43AF-B561-EB804D7D9867}.Debug|ARM.ActiveCfg = Debug|ARM
		{BACC86EE-0180-43AF-B561-EB804D7D9867}.Debug|ARM.Build.0 = Debug|ARM
		{BACC86EE-0180-43AF-B561-EB804D7D9867}.Debug|ARM.Deploy.0 = Debug|ARM
		{BACC86EE-0180-43AF-B561-EB804D7D9867}.Debug|ARM64.ActiveCfg = Debug|ARM64
		{BACC86EE-0180-43AF-B561-EB804D7D9867}.Debug|ARM64.Build.0 = Debug|ARM64
		{BACC86EE-0180-43AF-B561-EB804D7D9867}.Debug|ARM64.Deploy.0 = Debug|ARM64
		{BACC86EE-0180-43AF-B561-EB804D7D9867}.Debug|x64.ActiveCfg = Debug|x64
		{BACC86EE-0180-43AF-B561-EB804D7D9867}.Debug|x64.Build.0 = Debug|x64
		{BACC86EE-0180-43AF-B561-EB804D7D9867}.Debug|x64.Deploy.0 = Debug|x64
		{BACC86EE-0180-43AF-B561-EB804D7D9867}.Debug|x86.ActiveCfg = Debug|Win32
		{BACC86EE-0180-43AF-B561-EB804D7D9867}.Debug|x86.Build.0 = Debug|Win32
		{BACC86EE-0180-43AF-B561-EB804D7D9867}.Debug|x86.Deploy.0 = Debug|Win32
		{BACC86EE-0180-43AF-B561-EB804D7D9867}.Release|ARM.ActiveCfg = Release|ARM
		{BACC86EE-0180-43AF-B561-EB804D7D9867}.Release|ARM.Build.0 = Release|ARM
		{BACC86EE-0180-43AF-B561-EB804D7D9867}.Release|ARM.Deploy.0 = Release|ARM
		{BACC86EE-0180-43AF-B561-EB804D7D9867}.Release|ARM64.ActiveCfg = Release|ARM64
		{BACC86EE-0180-43AF-B561-EB804D7D9867}.Release|ARM64.Build.0 = Release|ARM64
		{BACC86EE-0180-43AF-B561-EB804D7D9867}.Release|ARM64.Deploy.0 = Release|ARM64
		{BACC86EE-0180-43AF-B561-EB804D7D9867}.Release|x64.ActiveCfg = Release|x64
		{BACC86EE-0180-43AF-B561-EB804D7D9867}.Release|x64.Build.0 = Release|x64
		{BACC86EE-0180-43AF-B561-EB804D7D9867}.Release|x64.Deploy.0 = Release|x64
		{BACC86EE-0180-43AF-B561-EB804D7D9867}.Release|x86.ActiveCfg = Release|Win32
		{BACC86EE-0180-43AF-B561-EB804D7D9867}.Release|x86.Build.0 = Release|Win32
		{BACC86EE-0180-43AF-B561-EB804D7D9867}.Release|x86.Deploy.0 = Release|Win32
		{A2B3C4D5-E6F7-4A8B-9C0D-1E2F3A4B5C6D}.Debug|ARM.ActiveCfg = Debug|Win32
		{A2B3C4D5-E6F7-4A8B-9C0D-1E2F3A4B5C6D}.Debug|ARM64.ActiveCfg = Debug|Win32
		{A2B3C4D5-E6F7-4A8B-9C0D-1E2F3A4B5C6D}.Debug|x64.ActiveCfg = Debug|x64
		{A2B3C4D5-E6F7-4A8B-9C0D-1E2F3A4B5C6D}.Debug|x64.Build.0 = Debug|x64
		{A2B3C4D5-E6F7-4A8B-9C0D-1E2F3A4B5C6D}.Debug|x86.ActiveCfg = Debug|Win32
		{A2B3C4D5-E6F7-4A8B-9C0D-1E2F3A4B5C6D}.Debug|x86.Build.0 = Debug|Win32
		{A2B3C4D5-E6F7-4A8B-9C0D-1E2F3A4B5C6D}.Release|ARM.ActiveCfg = Release|Win32
		{A2B3C4D5-E6F7-4A8B-9C0D-1E2F3A4B5C6D}.Release|ARM64.ActiveCfg = Release|Win32
		{A2B3C4D5-E6F7-4A8B-9C0D-1E2F3A4B5C6D}.Release|x64.ActiveCfg = Release|x64
		{A2B3C4D5-E6F7-4A8B-9C0D-1E2F3A4B5C6D}.Release|x64.Build.0 = Release|x64
		{A2B3C4D5-E6F7-4A8B-9C0D-1E2F3A4B5C6D}.Release|x86.ActiveCfg = Release|Win32
		{A2B3C4D5-E6F7-4A8B-9C0D-1E2F3A4B5C6D}.Release|x86.Build.0 = Release|Win32
		{E1F2A3B4-C5D6-7890-ABCD-EF1234567890}.Debug|ARM.ActiveCfg = Debug|x64
		{E1F2A3B4-C5D6-7890-ABCD-EF1234567890}.Debug|ARM64.ActiveCfg = Debug|x64
		{E1F2A3B4-C5D6-7890-ABCD-EF1234567890}.Debug|x64.ActiveCfg = Debug|x64
		{E1F2A3B4-C5D6-7890-ABCD-EF1234567890}.Debug|x64.Build.0 = Debug|x64
		{E1F2A3B4-C5D6-7890-ABCD-EF1234567890}.Debug|x86.ActiveCfg = Debug|x64
		{E1F2A3B4-C5D6-7890-ABCD-EF1234567890}.Release|ARM.ActiveCfg = Release|x64
		{E1F2A3B4-C5D6-7890-ABCD-EF1234567890}.Release|ARM64.ActiveCfg = Release|x64
		{E1F2A3B4-C5D6-7890-ABCD-EF1234567890}.Release|x64.ActiveCfg = Release|x64
		{E1F2A3B4-C5D6-7890-ABCD-EF1234567890}.Release|x64.Build.0 = Release|x64
		{E1F2A3B4-C5D6-7890-ABCD-EF1234567890}.Release|x86.ActiveCfg = Release|x64
		{F2A3B4C5-D6E7-8901-ABCD-EF2345678902}.Debug|ARM.ActiveCfg = Debug|x64
		{F2A3B4C5-D6E7-8901-ABCD-EF2345678902}.Debug|ARM64.ActiveCfg = Debug|x64
		{F2A3B4C5-D6E7-8901-ABCD-EF2345678902}.Debug|x64.ActiveCfg = Debug|x64
		{F2A3B4C5-D6E7-8901-ABCD-EF2345678902}.Debug|x64.Build.0 = Debug|x64
		{F2A3B4C5-D6E7-8901-ABCD-EF2345678902}.Debug|x86.ActiveCfg = Debug|x64
		{F2A3B4C5-D6E7-8901-ABCD-EF2345678902}.Release|ARM.ActiveCfg = Release|x64
		{F2A3B4C5-D6E7-8901-ABCD-EF2345678902}.Release|ARM64.ActiveCfg = Release|x64
		{F2A3B4C5-D6E7-8901-ABCD-EF2345678902}.Release|x64.ActiveCfg = Release|x64
		{F2A3B4C5-D6E7-8901-ABCD-EF2345678902}.Release|x64.Build.0 = Release|x64
		{F2A3B4C5-D6E7-8901-ABCD-EF2345678902}.Release|x86.ActiveCfg = Release|x64
		{D1E2F3A4-B5C6-4D7E-8F9A-0B1C2D3E4F5A}.Debug|ARM.ActiveCfg = Debug|Win32
		{D1E2F3A4-B5C6-4D7E-8F9A-0B1C2D3E4F5A}.Debug|ARM64.ActiveCfg = Debug|Win32
		{D1E2F3A4-B5C6-4D7E-8F9A-0B1C2D3E4F5A}.Debug|x64.ActiveCfg = Debug|x64
		{D1E2F3A4-B5C6-4D7E-8F9A-0B1C2D3E4F5A}.Debug|x64.Build.0 = Debug|x64
		{D1E2F3A4-B5C6-4D7E-8F9A-0B1C2D3E4F5A}.Debug|x86.ActiveCfg = Debug|Win32
		{D1E2F3A4-B5C6-4D7E-8F9A-0B1C2D3E4F5A}.Debug|x86.Build.0 = Debug|Win32
		{D1E2F3A4-B5C6-4D7E-8F9A-0B1C2D3E4F5A}.Release|ARM.ActiveCfg = Release|Win32
		{D1E2F3A4-B5C6-4D7E-8F9A-0B1C2D3E4F5A}.Release|ARM64.ActiveCfg = Release|Win32
		{D1E2F3A4-B5C6-4D7E-8F9A-0B1C2D3E4F5A}.Release|x64.ActiveCfg = Release|x64
		{D1E2F3A4-B5C6-4D7E-8F9A-0B1C2D3E4F5A}.Release|x64.Build.0 = Release|x64
		{D1E2F3A4-B5C6-4D7E-8F9A-0B1C2D3E4F5A}.Release|x86.ActiveCfg = Release|Win32
		{D1E2F3A4-B5C6-4D7E-8F9A-0B1C2D3E4F5A}.Release|x86.Build.0 = Release|Win32
		{C1D2E3F4-A5B6-4C7D-8E9F-0A1B2C3D4E5F}.Debug|ARM.ActiveCfg = Debug|ARM
		{C1D2E3F4-A5B6-4C7D-8E9F-0A1B2C3D4E5F}.Debug|ARM.Build.0 = Debug|ARM
		{C1D2E3F4-A5B6-4C7D-8E9F-0A1B2C3D4E5F}.Debug|ARM.Deploy.0 = Debug|ARM
		{C1D2E3F4-A5B6-4C7D-8E9F-0A1B2C3D4E5F}.Debug|ARM64.ActiveCfg = Debug|ARM64
		{C1D2E3F4-A5B6-4C7D-8E9F-0A1B2C3D4E5F}.Debug|ARM64.Build.0 = Debug|ARM64
		{C1D2E3F4-A5B6-4C7D-8E9F-0A1B2C3D4E5F}.Debug|ARM64.Deploy.0 = Debug|ARM64
		{C1D2E3F4-A5B6-4C7D-8E9F-0A1B2C3D4E5F}.Debug|x64.ActiveCfg = Debug|x64
		{C1D2E3F4-A5B6-4C7D-8E9F-0A1B2C3D4E5F}.Debug|x64.Build.0 = Debug|x64
		{C1D2E3F4-A5B6-4C7D-8E9F-0A1B2C3D4E5F}.Debug|x64.Deploy.0 = Debug|x64
		{C1D2E3F4-A5B6-4C7D-8E9F-0A1B2C3D4E5F}.Debug|x86.ActiveCfg = Debug|Win32
		{C1D2E3F4-A5B6-4C7D-8E9F-0A1B2C3D4E5F}.Debug|x86.Build.0 = Debug|Win32
		{C1D2E3F4-A5B6-4C7D-8E9F-0A1B2C3D4E5F}.Debug|x86.Deploy.0 = Debug|Win32
		{C1D2E3F4-A5B6-4C7D-8E9F-0A1B2C3D4E5F}.Release|ARM.ActiveCfg = Release|ARM
		{C1D2E3F4-A5B6-4C7D-8E9F-0A1B2C3D4E5F}.Release|ARM.Build.0 = Release|ARM
		{C1D2E3F4-A5B6-4C7D-8E9F-0A1B2C3D4E5F}.Release|ARM.Deploy.0 = Release|ARM
		{C1D2E3F4-A5B6-4C7D-8E9F-0A1B2C3D4E5F}.Release|ARM64.ActiveCfg = Release|ARM64
		{C1D2E3F4-A5B6-4C7D-8E9F-0A1B2C3D4E5F}.Release|ARM64.Build.0 = Release|ARM64
		{C1D2E3F4-A5B6-4C7D-8E9F-0A1B2C3D4E5F}.Release|ARM64.Deploy.0 = Release|ARM64
		{C1D2E3F4-A5B6-4C7D-8E9F-0A1B2C3D4E5F}.Release|x64.ActiveCfg = Release|x64
		{C1D2E3F4-A5B6-4C7D-8E9F-0A1B2C3D4E5F}.Release|x64.Build.0 = Release|x64
		{C1D2E3F4-A5B6-4C7D-8E9F-0A1B2C3D4E5F}.Release|x64.Deploy.0 = Release|x64
		{C1D2E3F4-A5B6-4C7D-8E9F-0A1B2C3D4E5F}.Release|x86.ActiveCfg = Release|Win32
		{C1D2E3F4-A5B6-4C7D-8E9F-0A1B2C3D4E5F}.Release|x86.Build.0 = Release|Win32
		{C1D2E3F4-A5B6-4C7D-8E9F-0A1B2C3D4E5F}.Release|x86.Deploy.0 = Release|Win32
	EndGlobalSection
	GlobalSection(SolutionProperties) = preSolution
		HideSolutionNode = FALSE
	EndGlobalSection
	GlobalSection(NestedProjects) = preSolution
		{BACC86EE-0180-43AF-B561-EB804D7D9867} = {225BE3DA-F1C7-423B-A922-4C22B2F0C64B}
		{A2B3C4D5-E6F7-4A8B-9C0D-1E2F3A4B5C6D} = {225BE3DA-F1C7-423B-A922-4C22B2F0C64B}
		{E1F2A3B4-C5D6-7890-ABCD-EF1234567890} = {1E369342-3890-4F16-807E-8875A4E4649E}
		{F2A3B4C5-D6E7-8901-ABCD-EF2345678902} = {1E369342-3890-4F16-807E-8875A4E4649E}
		{D1E2F3A4-B5C6-4D7E-8F9A-0B1C2D3E4F5A} = {C76A9C77-57D4-44BE-AB0A-9C09C0358703}
		{C1D2E3F4-A5B6-4C7D-8E9F-0A1B2C3D4E5F} = {C76A9C77-57D4-44BE-AB0A-9C09C0358703}
	EndGlobalSection
	GlobalSection(ExtensibilityGlobals) = postSolution
		SolutionGuid = {C89E577E-BCF1-4D62-8B3B-53A05E6A9F13}
	EndGlobalSection
EndGlobal
